
Microsoft Visual Studio Solution File, Format Version 12.00
Project("{FAE04EC0-301F-11D3-BF4B-00C04F79EFBC}") = "DotNetWithVue", "DotNetWithVue\DotNetWithVue.csproj", "{0D125F98-1D54-4ACB-BA33-DA3A09B2836A}"
EndProject
Global
	GlobalSection(SolutionConfigurationPlatforms) = preSolution
		Debug|Any CPU = Debug|Any CPU
		Release|Any CPU = Release|Any CPU
	EndGlobalSection
	GlobalSection(ProjectConfigurationPlatforms) = postSolution
		{0D125F98-1D54-4ACB-BA33-DA3A09B2836A}.Debug|Any CPU.ActiveCfg = Debug|Any CPU
		{0D125F98-1D54-4ACB-BA33-DA3A09B2836A}.Debug|Any CPU.Build.0 = Debug|Any CPU
		{0D125F98-1D54-4ACB-BA33-DA3A09B2836A}.Release|Any CPU.ActiveCfg = Release|Any CPU
		{0D125F98-1D54-4ACB-BA33-DA3A09B2836A}.Release|Any CPU.Build.0 = Release|Any CPU
	EndGlobalSection
EndGlobal
